// !$*UTF8*$!
{
	archiveVersion = 1;
	classes = {
	};
	objectVersion = 46;
	objects = {

/* Begin PBXBuildFile section */
		1C72A28B140525FA87E2BEB8 /* Pods_AdMod.framework in Frameworks */ = {isa = PBXBuildFile; fileRef = CEE4227581A02917641547CF /* Pods_AdMod.framework */; };
		3B03CC681F94A4AA002C7C6C /* AppDelegate.swift in Sources */ = {isa = PBXBuildFile; fileRef = 3B03CC671F94A4AA002C7C6C /* AppDelegate.swift */; };
		3B03CC6A1F94A4AA002C7C6C /* ViewController.swift in Sources */ = {isa = PBXBuildFile; fileRef = 3B03CC691F94A4AA002C7C6C /* ViewController.swift */; };
		3B03CC6D1F94A4AA002C7C6C /* Main.storyboard in Resources */ = {isa = PBXBuildFile; fileRef = 3B03CC6B1F94A4AA002C7C6C /* Main.storyboard */; };
		3B03CC6F1F94A4AA002C7C6C /* Assets.xcassets in Resources */ = {isa = PBXBuildFile; fileRef = 3B03CC6E1F94A4AA002C7C6C /* Assets.xcassets */; };
		3B03CC721F94A4AA002C7C6C /* LaunchScreen.storyboard in Resources */ = {isa = PBXBuildFile; fileRef = 3B03CC701F94A4AA002C7C6C /* LaunchScreen.storyboard */; };
		3B3824841F95B2A4007654C5 /* GoogleAdsMob.swift in Sources */ = {isa = PBXBuildFile; fileRef = 3B3824831F95B2A4007654C5 /* GoogleAdsMob.swift */; };
/* End PBXBuildFile section */

/* Begin PBXFileReference section */
		1594A5D40773B37576F6D629 /* Pods-AdMod.release.xcconfig */ = {isa = PBXFileReference; includeInIndex = 1; lastKnownFileType = text.xcconfig; name = "Pods-AdMod.release.xcconfig"; path = "Pods/Target Support Files/Pods-AdMod/Pods-AdMod.release.xcconfig"; sourceTree = "<group>"; };
		3B03CC641F94A4AA002C7C6C /* AdMod.app */ = {isa = PBXFileReference; explicitFileType = wrapper.application; includeInIndex = 0; path = AdMod.app; sourceTree = BUILT_PRODUCTS_DIR; };
		3B03CC671F94A4AA002C7C6C /* AppDelegate.swift */ = {isa = PBXFileReference; lastKnownFileType = sourcecode.swift; path = AppDelegate.swift; sourceTree = "<group>"; };
		3B03CC691F94A4AA002C7C6C /* ViewController.swift */ = {isa = PBXFileReference; lastKnownFileType = sourcecode.swift; path = ViewController.swift; sourceTree = "<group>"; };
		3B03CC6C1F94A4AA002C7C6C /* Base */ = {isa = PBXFileReference; lastKnownFileType = file.storyboard; name = Base; path = Base.lproj/Main.storyboard; sourceTree = "<group>"; };
		3B03CC6E1F94A4AA002C7C6C /* Assets.xcassets */ = {isa = PBXFileReference; lastKnownFileType = folder.assetcatalog; path = Assets.xcassets; sourceTree = "<group>"; };
		3B03CC711F94A4AA002C7C6C /* Base */ = {isa = PBXFileReference; lastKnownFileType = file.storyboard; name = Base; path = Base.lproj/LaunchScreen.storyboard; sourceTree = "<group>"; };
		3B03CC731F94A4AA002C7C6C /* Info.plist */ = {isa = PBXFileReference; lastKnownFileType = text.plist.xml; path = Info.plist; sourceTree = "<group>"; };
		3B3824831F95B2A4007654C5 /* GoogleAdsMob.swift */ = {isa = PBXFileReference; fileEncoding = 4; lastKnownFileType = sourcecode.swift; path = GoogleAdsMob.swift; sourceTree = "<group>"; };
		4D40D25BCD9AE68E9ED2B82E /* Pods-AdMod.debug.xcconfig */ = {isa = PBXFileReference; includeInIndex = 1; lastKnownFileType = text.xcconfig; name = "Pods-AdMod.debug.xcconfig"; path = "Pods/Target Support Files/Pods-AdMod/Pods-AdMod.debug.xcconfig"; sourceTree = "<group>"; };
		CEE4227581A02917641547CF /* Pods_AdMod.framework */ = {isa = PBXFileReference; explicitFileType = wrapper.framework; includeInIndex = 0; path = Pods_AdMod.framework; sourceTree = BUILT_PRODUCTS_DIR; };
/* End PBXFileReference section */

/* Begin PBXFrameworksBuildPhase section */
		3B03CC611F94A4AA002C7C6C /* Frameworks */ = {
			isa = PBXFrameworksBuildPhase;
			buildActionMask = 2147483647;
			files = (
				1C72A28B140525FA87E2BEB8 /* Pods_AdMod.framework in Frameworks */,
			);
			runOnlyForDeploymentPostprocessing = 0;
		};
/* End PBXFrameworksBuildPhase section */

/* Begin PBXGroup section */
		16B843974CC5AF87802C5CB1 /* Pods */ = {
			isa = PBXGroup;
			children = (
				4D40D25BCD9AE68E9ED2B82E /* Pods-AdMod.debug.xcconfig */,
				1594A5D40773B37576F6D629 /* Pods-AdMod.release.xcconfig */,
			);
			name = Pods;
			sourceTree = "<group>";
		};
		29F0230F284C97425CB3C00D /* Frameworks */ = {
			isa = PBXGroup;
			children = (
				CEE4227581A02917641547CF /* Pods_AdMod.framework */,
			);
			name = Frameworks;
			sourceTree = "<group>";
		};
		3B03CC5B1F94A4AA002C7C6C = {
			isa = PBXGroup;
			children = (
				3B03CC661F94A4AA002C7C6C /* AdMod */,
				3B03CC651F94A4AA002C7C6C /* Products */,
				16B843974CC5AF87802C5CB1 /* Pods */,
				29F0230F284C97425CB3C00D /* Frameworks */,
			);
			sourceTree = "<group>";
		};
		3B03CC651F94A4AA002C7C6C /* Products */ = {
			isa = PBXGroup;
			children = (
				3B03CC641F94A4AA002C7C6C /* AdMod.app */,
			);
			name = Products;
			sourceTree = "<group>";
		};
		3B03CC661F94A4AA002C7C6C /* AdMod */ = {
			isa = PBXGroup;
			children = (
				3B03CC671F94A4AA002C7C6C /* AppDelegate.swift */,
				3B03CC691F94A4AA002C7C6C /* ViewController.swift */,
				3B03CC6B1F94A4AA002C7C6C /* Main.storyboard */,
				3B3824831F95B2A4007654C5 /* GoogleAdsMob.swift */,
				3B03CC6E1F94A4AA002C7C6C /* Assets.xcassets */,
				3B03CC701F94A4AA002C7C6C /* LaunchScreen.storyboard */,
				3B03CC731F94A4AA002C7C6C /* Info.plist */,
			);
			path = AdMod;
			sourceTree = "<group>";
		};
/* End PBXGroup section */

/* Begin PBXNativeTarget section */
		3B03CC631F94A4AA002C7C6C /* AdMod */ = {
			isa = PBXNativeTarget;
			buildConfigurationList = 3B03CC761F94A4AA002C7C6C /* Build configuration list for PBXNativeTarget "AdMod" */;
			buildPhases = (
				363D44BA22D6946B47D0480B /* [CP] Check Pods Manifest.lock */,
				3B03CC601F94A4AA002C7C6C /* Sources */,
				3B03CC611F94A4AA002C7C6C /* Frameworks */,
				3B03CC621F94A4AA002C7C6C /* Resources */,
				9E2B8E7909F3999F9B6A5AA3 /* [CP] Embed Pods Frameworks */,
				A239672E0CF4324905376C65 /* [CP] Copy Pods Resources */,
			);
			buildRules = (
			);
			dependencies = (
			);
			name = AdMod;
			productName = AdMod;
			productReference = 3B03CC641F94A4AA002C7C6C /* AdMod.app */;
			productType = "com.apple.product-type.application";
		};
/* End PBXNativeTarget section */

/* Begin PBXProject section */
		3B03CC5C1F94A4AA002C7C6C /* Project object */ = {
			isa = PBXProject;
			attributes = {
				LastSwiftUpdateCheck = 0830;
				LastUpgradeCheck = 0830;
				ORGANIZATIONNAME = ChungTran;
				TargetAttributes = {
					3B03CC631F94A4AA002C7C6C = {
						CreatedOnToolsVersion = 8.3.3;
						ProvisioningStyle = Automatic;
					};
				};
			};
			buildConfigurationList = 3B03CC5F1F94A4AA002C7C6C /* Build configuration list for PBXProject "AdMod" */;
			compatibilityVersion = "Xcode 3.2";
			developmentRegion = English;
			hasScannedForEncodings = 0;
			knownRegions = (
				en,
				Base,
			);
			mainGroup = 3B03CC5B1F94A4AA002C7C6C;
			productRefGroup = 3B03CC651F94A4AA002C7C6C /* Products */;
			projectDirPath = "";
			projectRoot = "";
			targets = (
				3B03CC631F94A4AA002C7C6C /* AdMod */,
			);
		};
/* End PBXProject section */

/* Begin PBXResourcesBuildPhase section */
		3B03CC621F94A4AA002C7C6C /* Resources */ = {
			isa = PBXResourcesBuildPhase;
			buildActionMask = 2147483647;
			files = (
				3B03CC721F94A4AA002C7C6C /* LaunchScreen.storyboard in Resources */,
				3B03CC6F1F94A4AA002C7C6C /* Assets.xcassets in Resources */,
				3B03CC6D1F94A4AA002C7C6C /* Main.storyboard in Resources */,
			);
			runOnlyForDeploymentPostprocessing = 0;
		};
/* End PBXResourcesBuildPhase section */

/* Begin PBXShellScriptBuildPhase section */
		363D44BA22D6946B47D0480B /* [CP] Check Pods Manifest.lock */ = {
			isa = PBXShellScriptBuildPhase;
			buildActionMask = 2147483647;
			files = (
			);
			inputPaths = (
			);
			name = "[CP] Check Pods Manifest.lock";
			outputPaths = (
			);
			runOnlyForDeploymentPostprocessing = 0;
			shellPath = /bin/sh;
			shellScript = "diff \"${PODS_ROOT}/../Podfile.lock\" \"${PODS_ROOT}/Manifest.lock\" > /dev/null\nif [ $? != 0 ] ; then\n    # print error to STDERR\n    echo \"error: The sandbox is not in sync with the Podfile.lock. Run 'pod install' or update your CocoaPods installation.\" >&2\n    exit 1\nfi\n";
			showEnvVarsInLog = 0;
		};
		9E2B8E7909F3999F9B6A5AA3 /* [CP] Embed Pods Frameworks */ = {
			isa = PBXShellScriptBuildPhase;
			buildActionMask = 2147483647;
			files = (
			);
			inputPaths = (
			);
			name = "[CP] Embed Pods Frameworks";
			outputPaths = (
			);
			runOnlyForDeploymentPostprocessing = 0;
			shellPath = /bin/sh;
			shellScript = "\"${SRCROOT}/Pods/Target Support Files/Pods-AdMod/Pods-AdMod-frameworks.sh\"\n";
			showEnvVarsInLog = 0;
		};
		A239672E0CF4324905376C65 /* [CP] Copy Pods Resources */ = {
			isa = PBXShellScriptBuildPhase;
			buildActionMask = 2147483647;
			files = (
			);
			inputPaths = (
			);
			name = "[CP] Copy Pods Resources";
			outputPaths = (
			);
			runOnlyForDeploymentPostprocessing = 0;
			shellPath = /bin/sh;
			shellScript = "\"${SRCROOT}/Pods/Target Support Files/Pods-AdMod/Pods-AdMod-resources.sh\"\n";
			showEnvVarsInLog = 0;
		};
/* End PBXShellScriptBuildPhase section */

/* Begin PBXSourcesBuildPhase section */
		3B03CC601F94A4AA002C7C6C /* Sources */ = {
			isa = PBXSourcesBuildPhase;
			buildActionMask = 2147483647;
			files = (
				3B3824841F95B2A4007654C5 /* GoogleAdsMob.swift in Sources */,
				3B03CC6A1F94A4AA002C7C6C /* ViewController.swift in Sources */,
				3B03CC681F94A4AA002C7C6C /* AppDelegate.swift in Sources */,
			);
			runOnlyForDeploymentPostprocessing = 0;
		};
/* End PBXSourcesBuildPhase section */

/* Begin PBXVariantGroup section */
		3B03CC6B1F94A4AA002C7C6C /* Main.storyboard */ = {
			isa = PBXVariantGroup;
			children = (
				3B03CC6C1F94A4AA002C7C6C /* Base */,
			);
			name = Main.storyboard;
			sourceTree = "<group>";
		};
		3B03CC701F94A4AA002C7C6C /* LaunchScreen.storyboard */ = {
			isa = PBXVariantGroup;
			children = (
				3B03CC711F94A4AA002C7C6C /* Base */,
			);
			name = LaunchScreen.storyboard;
			sourceTree = "<group>";
		};
/* End PBXVariantGroup section */

/* Begin XCBuildConfiguration section */
		3B03CC741F94A4AA002C7C6C /* Debug */ = {
			isa = XCBuildConfiguration;
			buildSettings = {
				ALWAYS_SEARCH_USER_PATHS = NO;
				CLANG_ANALYZER_NONNULL = YES;
				CLANG_ANALYZER_NUMBER_OBJECT_CONVERSION = YES_AGGRESSIVE;
				CLANG_CXX_LANGUAGE_STANDARD = "gnu++0x";
				CLANG_CXX_LIBRARY = "libc++";
				CLANG_ENABLE_MODULES = YES;
				CLANG_ENABLE_OBJC_ARC = YES;
				CLANG_WARN_BOOL_CONVERSION = YES;
				CLANG_WARN_CONSTANT_CONVERSION = YES;
				CLANG_WARN_DIRECT_OBJC_ISA_USAGE = YES_ERROR;
				CLANG_WARN_DOCUMENTATION_COMMENTS = YES;
				CLANG_WARN_EMPTY_BODY = YES;
				CLANG_WARN_ENUM_CONVERSION = YES;
				CLANG_WARN_INFINITE_RECURSION = YES;
				CLANG_WARN_INT_CONVERSION = YES;
				CLANG_WARN_OBJC_ROOT_CLASS = YES_ERROR;
				CLANG_WARN_SUSPICIOUS_MOVE = YES;
				CLANG_WARN_UNREACHABLE_CODE = YES;
				CLANG_WARN__DUPLICATE_METHOD_MATCH = YES;
				"CODE_SIGN_IDENTITY[sdk=iphoneos*]" = "iPhone Developer";
				COPY_PHASE_STRIP = NO;
				DEBUG_INFORMATION_FORMAT = dwarf;
				ENABLE_STRICT_OBJC_MSGSEND = YES;
				ENABLE_TESTABILITY = YES;
				GCC_C_LANGUAGE_STANDARD = gnu99;
				GCC_DYNAMIC_NO_PIC = NO;
				GCC_NO_COMMON_BLOCKS = YES;
				GCC_OPTIMIZATION_LEVEL = 0;
				GCC_PREPROCESSOR_DEFINITIONS = (
					"DEBUG=1",
					"$(inherited)",
				);
				GCC_WARN_64_TO_32_BIT_CONVERSION = YES;
				GCC_WARN_ABOUT_RETURN_TYPE = YES_ERROR;
				GCC_WARN_UNDECLARED_SELECTOR = YES;
				GCC_WARN_UNINITIALIZED_AUTOS = YES_AGGRESSIVE;
				GCC_WARN_UNUSED_FUNCTION = YES;
				GCC_WARN_UNUSED_VARIABLE = YES;
				IPHONEOS_DEPLOYMENT_TARGET = 10.3;
				MTL_ENABLE_DEBUG_INFO = YES;
				ONLY_ACTIVE_ARCH = YES;
				SDKROOT = iphoneos;
				SWIFT_ACTIVE_COMPILATION_CONDITIONS = DEBUG;
				SWIFT_OPTIMIZATION_LEVEL = "-Onone";
			};
			name = Debug;
		};
		3B03CC751F94A4AA002C7C6C /* Release */ = {
			isa = XCBuildConfiguration;
			buildSettings = {
				ALWAYS_SEARCH_USER_PATHS = NO;
				CLANG_ANALYZER_NONNULL = YES;
				CLANG_ANALYZER_NUMBER_OBJECT_CONVERSION = YES_AGGRESSIVE;
				CLANG_CXX_LANGUAGE_STANDARD = "gnu++0x";
				CLANG_CXX_LIBRARY = "libc++";
				CLANG_ENABLE_MODULES = YES;
				CLANG_ENABLE_OBJC_ARC = YES;
				CLANG_WARN_BOOL_CONVERSION = YES;
				CLANG_WARN_CONSTANT_CONVERSION = YES;
				CLANG_WARN_DIRECT_OBJC_ISA_USAGE = YES_ERROR;
				CLANG_WARN_DOCUMENTATION_COMMENTS = YES;
				CLANG_WARN_EMPTY_BODY = YES;
				CLANG_WARN_ENUM_CONVERSION = YES;
				CLANG_WARN_INFINITE_RECURSION = YES;
				CLANG_WARN_INT_CONVERSION = YES;
				CLANG_WARN_OBJC_ROOT_CLASS = YES_ERROR;
				CLANG_WARN_SUSPICIOUS_MOVE = YES;
				CLANG_WARN_UNREACHABLE_CODE = YES;
				CLANG_WARN__DUPLICATE_METHOD_MATCH = YES;
				"CODE_SIGN_IDENTITY[sdk=iphoneos*]" = "iPhone Developer";
				COPY_PHASE_STRIP = NO;
				DEBUG_INFORMATION_FORMAT = "dwarf-with-dsym";
				ENABLE_NS_ASSERTIONS = NO;
				ENABLE_STRICT_OBJC_MSGSEND = YES;
				GCC_C_LANGUAGE_STANDARD = gnu99;
				GCC_NO_COMMON_BLOCKS = YES;
				GCC_WARN_64_TO_32_BIT_CONVERSION = YES;
				GCC_WARN_ABOUT_RETURN_TYPE = YES_ERROR;
				GCC_WARN_UNDECLARED_SELECTOR = YES;
				GCC_WARN_UNINITIALIZED_AUTOS = YES_AGGRESSIVE;
				GCC_WARN_UNUSED_FUNCTION = YES;
				GCC_WARN_UNUSED_VARIABLE = YES;
				IPHONEOS_DEPLOYMENT_TARGET = 10.3;
				MTL_ENABLE_DEBUG_INFO = NO;
				SDKROOT = iphoneos;
				SWIFT_OPTIMIZATION_LEVEL = "-Owholemodule";
				VALIDATE_PRODUCT = YES;
			};
			name = Release;
		};
		3B03CC771F94A4AA002C7C6C /* Debug */ = {
			isa = XCBuildConfiguration;
			baseConfigurationReference = 4D40D25BCD9AE68E9ED2B82E /* Pods-AdMod.debug.xcconfig */;
			buildSettings = {
				ASSETCATALOG_COMPILER_APPICON_NAME = AppIcon;
				INFOPLIST_FILE = AdMod/Info.plist;
				LD_RUNPATH_SEARCH_PATHS = "$(inherited) @executable_path/Frameworks";
				PRODUCT_BUNDLE_IDENTIFIER = Chungtv.AdMod;
				PRODUCT_NAME = "$(TARGET_NAME)";
				SWIFT_VERSION = 3.0;
			};
			name = Debug;
		};
		3B03CC781F94A4AA002C7C6C /* Release */ = {
			isa = XCBuildConfiguration;
			baseConfigurationReference = 1594A5D40773B37576F6D629 /* Pods-AdMod.release.xcconfig */;
			buildSettings = {
				ASSETCATALOG_COMPILER_APPICON_NAME = AppIcon;
				INFOPLIST_FILE = AdMod/Info.plist;
				LD_RUNPATH_SEARCH_PATHS = "$(inherited) @executable_path/Frameworks";
				PRODUCT_BUNDLE_IDENTIFIER = Chungtv.AdMod;
				PRODUCT_NAME = "$(TARGET_NAME)";
				SWIFT_VERSION = 3.0;
			};
			name = Release;
		};
/* End XCBuildConfiguration section */

/* Begin XCConfigurationList section */
		3B03CC5F1F94A4AA002C7C6C /* Build configuration list for PBXProject "AdMod" */ = {
			isa = XCConfigurationList;
			buildConfigurations = (
				3B03CC741F94A4AA002C7C6C /* Debug */,
				3B03CC751F94A4AA002C7C6C /* Release */,
			);
			defaultConfigurationIsVisible = 0;
			defaultConfigurationName = Release;
		};
		3B03CC761F94A4AA002C7C6C /* Build configuration list for PBXNativeTarget "AdMod" */ = {
			isa = XCConfigurationList;
			buildConfigurations = (
				3B03CC771F94A4AA002C7C6C /* Debug */,
				3B03CC781F94A4AA002C7C6C /* Release */,
			);
			defaultConfigurationIsVisible = 0;
			defaultConfigurationName = Release;
		};
/* End XCConfigurationList section */
	};
	rootObject = 3B03CC5C1F94A4AA002C7C6C /* Project object */;
}
